{
  "name": "ai-sre-agent",
  "lockfileVersion": 3,
  "requires": true,
  "packages": {
    "": {
      "dependencies": {
        "kubernetes-mcp-server": "^0.0.55"
      }
    },
    "node_modules/kubernetes-mcp-server": {
      "version": "0.0.55",
      "resolved": "https://registry.npmjs.org/kubernetes-mcp-server/-/kubernetes-mcp-server-0.0.55.tgz",
      "integrity": "sha512-6mQP1JFYUC3FHY8rbGXgejU6E6ejMjN1sFjuS8ftrQX790QPIS2a1UNqQTHRk4aO8LP6yh3TwJQWa+CFuEQ1rg==",
      "license": "Apache-2.0",
      "bin": {
        "kubernetes-mcp-server": "bin/index.js"
      },
      "optionalDependencies": {
        "kubernetes-mcp-server-darwin-amd64": "0.0.55",
        "kubernetes-mcp-server-darwin-arm64": "0.0.55",
        "kubernetes-mcp-server-linux-amd64": "0.0.55",
        "kubernetes-mcp-server-linux-arm64": "0.0.55",
        "kubernetes-mcp-server-windows-amd64": "0.0.55",
        "kubernetes-mcp-server-windows-arm64": "0.0.55"
      }
    },
    "node_modules/kubernetes-mcp-server-darwin-amd64": {
      "version": "0.0.55",
      "resolved": "https://registry.npmjs.org/kubernetes-mcp-server-darwin-amd64/-/kubernetes-mcp-server-darwin-amd64-0.0.55.tgz",
      "integrity": "sha512-aLOZxt3xHMnuxjn3L1/smXlLhMRe+wVAQ5z9R01ygIasplN96F2gVPXjk/X5yfDUn9PUr6F6XJ4AnQWdmx2Xww==",
      "cpu": [
        "x64"
      ],
      "optional": true,
      "os": [
        "darwin"
      ]
    },
    "node_modules/kubernetes-mcp-server-darwin-arm64": {
      "version": "0.0.55",
      "resolved": "https://registry.npmjs.org/kubernetes-mcp-server-darwin-arm64/-/kubernetes-mcp-server-darwin-arm64-0.0.55.tgz",
      "integrity": "sha512-q4wxnHzPMpOEHhkLecnTS99cYkzqMJti2v2Jx/ZarT0zw2IdPcs/tEjOQtM+7/Vl//EyTtHP4bysdz7dmCTx9A==",
      "cpu": [
        "arm64"
      ],
      "optional": true,
      "os": [
        "darwin"
      ]
    },
    "node_modules/kubernetes-mcp-server-linux-amd64": {
      "version": "0.0.55",
      "resolved": "https://registry.npmjs.org/kubernetes-mcp-server-linux-amd64/-/kubernetes-mcp-server-linux-amd64-0.0.55.tgz",
      "integrity": "sha512-a+qexC8EThm4oQ98lAW83z7LH2WXNy/NsvOlA2qXAs0g9nDeFO8PLjiT/Q0bgxjk1C5EsemWxsrtd30/euC+PA==",
      "cpu": [
        "x64"
      ],
      "optional": true,
      "os": [
        "linux"
      ]
    },
    "node_modules/kubernetes-mcp-server-linux-arm64": {
      "version": "0.0.55",
      "resolved": "https://registry.npmjs.org/kubernetes-mcp-server-linux-arm64/-/kubernetes-mcp-server-linux-arm64-0.0.55.tgz",
      "integrity": "sha512-92Gc0Wg8Xwp5oa85hWNXBvm2xLtVvKxBes++FW7u7v5TZf+7bvfRwkih+O2+8UCDagEL7Xv8n5LVs7XMG/cPVQ==",
      "cpu": [
        "arm64"
      ],
      "optional": true,
      "os": [
        "linux"
      ]
    },
    "node_modules/kubernetes-mcp-server-windows-amd64": {
      "version": "0.0.55",
      "resolved": "https://registry.npmjs.org/kubernetes-mcp-server-windows-amd64/-/kubernetes-mcp-server-windows-amd64-0.0.55.tgz",
      "integrity": "sha512-LeZduHfgSkTd9YA5xdFj6wFSVqC2YCLR1tbKvC10Vj0w8xVzXJ7ZxcUMDtMXkZXdatH5HZyh+qjmC48lGUQ7EQ==",
      "cpu": [
        "x64"
      ],
      "optional": true,
      "os": [
        "win32"
      ]
    },
    "node_modules/kubernetes-mcp-server-windows-arm64": {
      "version": "0.0.55",
      "resolved": "https://registry.npmjs.org/kubernetes-mcp-server-windows-arm64/-/kubernetes-mcp-server-windows-arm64-0.0.55.tgz",
      "integrity": "sha512-x6B9nsBB8Tr4lYkBpe9oTcH7x36FVBo6en0IgCKmQxiuiZlrIWuE6MZYaZu8ZbDN7mpKqFb+AgYTzkWRioXCaQ==",
      "cpu": [
        "arm64"
      ],
      "optional": true,
      "os": [
        "win32"
      ]
    }
  }
}
